
Microsoft Visual Studio Solution File, Format Version 12.00
# Visual Studio Version 16
VisualStudioVersion = 16.0.29926.136
MinimumVisualStudioVersion = 10.0.40219.1
Project("{F184B08F-C81C-45F6-A57F-5ABD9991F28F}") = "CalPromedio", "CalPromedio.vbproj", "{D23489CC-8653-4719-B349-E07F71F2ED41}"
EndProject
Global
	GlobalSection(SolutionConfigurationPlatforms) = preSolution
		Debug|Any CPU = Debug|Any CPU
		Release|Any CPU = Release|Any CPU
	EndGlobalSection
	GlobalSection(ProjectConfigurationPlatforms) = postSolution
		{D23489CC-8653-4719-B349-E07F71F2ED41}.Debug|Any CPU.ActiveCfg = Debug|Any CPU
		{D23489CC-8653-4719-B349-E07F71F2ED41}.Debug|Any CPU.Build.0 = Debug|Any CPU
		{D23489CC-8653-4719-B349-E07F71F2ED41}.Release|Any CPU.ActiveCfg = Release|Any CPU
		{D23489CC-8653-4719-B349-E07F71F2ED41}.Release|Any CPU.Build.0 = Release|Any CPU
	EndGlobalSection
	GlobalSection(SolutionProperties) = preSolution
		HideSolutionNode = FALSE
	EndGlobalSection
	GlobalSection(ExtensibilityGlobals) = postSolution
		SolutionGuid = {78D4E921-587D-4203-B499-AA9DA7D46E7B}
	EndGlobalSection
EndGlobal
